	<Project xmlns="http://schemas.microsoft.com/developer/msbuild/2003">
		<PropertyGroup>
			<ProjectGuid>{6E265F12-6028-4AB1-BACC-B56880D53656}</ProjectGuid>
			<ProjectVersion>12.3</ProjectVersion>
			<MainSource>LogosCnx.dpr</MainSource>
			<Base>True</Base>
			<Config Condition="'$(Config)'==''">Release</Config>
			<Platform>Win32</Platform>
			<AppType>Application</AppType>
			<FrameworkType>VCL</FrameworkType>
			<DCC_DCCCompiler>DCC32</DCC_DCCCompiler>
		</PropertyGroup>
		<PropertyGroup Condition="'$(Config)'=='Base' or '$(Base)'!=''">
			<Base>true</Base>
		</PropertyGroup>
		<PropertyGroup Condition="'$(Config)'=='Debug' or '$(Cfg_1)'!=''">
			<Cfg_1>true</Cfg_1>
			<CfgParent>Base</CfgParent>
			<Base>true</Base>
		</PropertyGroup>
		<PropertyGroup Condition="'$(Config)'=='Release' or '$(Cfg_2)'!=''">
			<Cfg_2>true</Cfg_2>
			<CfgParent>Base</CfgParent>
			<Base>true</Base>
		</PropertyGroup>
		<PropertyGroup Condition="'$(Base)'!=''">
			<DCC_UsePackage>vclimg;vcl;vclx;dbrtl;Rave90VCL;bdertl;VclSmp;rtl;svnui;svn;TeeUI;TeeDB;Tee;vclactnband;vcltouch;xmlrtl;IndyCore;IndySystem;IndyProtocols;inet;intrawebdb_110_150;Intraweb_110_150;vclie;inetdbbde;inetdbxpress;soaprtl;dsnap;vclribbon;dbexpress;DbxCommonDriver;DataSnapIndy10ServerTransport;DataSnapProviderClient;DbxClientDriver;vcldb;inetdb;DataSnapServer;AzureCloud;DBXInterBaseDriver;DBXMySQLDriver;DBXFirebirdDriver;DBXSybaseASEDriver;DBXSybaseASADriver;DBXOracleDriver;DBXMSSQLDriver;DBXInformixDriver;DBXDb2Driver;CodeSiteExpressVcl;dclOffice2k;QR5RunDXE;Bravo;dsnapcon</DCC_UsePackage>
			<DCC_ImageBase>00400000</DCC_ImageBase>
			<DCC_DcuOutput>.\$(Config)\$(Platform)</DCC_DcuOutput>
			<DCC_UnitAlias>WinTypes=Windows;WinProcs=Windows;DbiTypes=BDE;DbiProcs=BDE;$(DCC_UnitAlias)</DCC_UnitAlias>
			<DCC_ExeOutput>.\$(Config)\$(Platform)</DCC_ExeOutput>
		</PropertyGroup>
		<PropertyGroup Condition="'$(Cfg_1)'!=''">
			<DCC_ExeOutput>C:\Bravo\exe\</DCC_ExeOutput>
			<DCC_DcuOutput>C:\Bravo\dcu\</DCC_DcuOutput>
			<DCC_UnitSearchPath>C:\Bravo\fontes\Componentes;C:\Bravo\fontes\Client\Logos;$(DCC_UnitSearchPath)</DCC_UnitSearchPath>
			<DCC_Define>DEBUG;$(DCC_Define)</DCC_Define>
			<DCC_Optimize>false</DCC_Optimize>
			<DCC_GenerateStackFrames>true</DCC_GenerateStackFrames>
		</PropertyGroup>
		<PropertyGroup Condition="'$(Cfg_2)'!=''">
			<DCC_UnitSearchPath>C:\Bravo\dcu;C:\Bravo\fontes\Componentes;$(DCC_UnitSearchPath)</DCC_UnitSearchPath>
			<DCC_ExeOutput>C:\BRAVO\exe\</DCC_ExeOutput>
			<DCC_DcuOutput>C:\BRAVO\dcu\</DCC_DcuOutput>
			<DCC_LocalDebugSymbols>false</DCC_LocalDebugSymbols>
			<DCC_Define>RELEASE;$(DCC_Define)</DCC_Define>
			<DCC_SymbolReferenceInfo>0</DCC_SymbolReferenceInfo>
			<DCC_DebugInformation>false</DCC_DebugInformation>
		</PropertyGroup>
		<ItemGroup>
			<DelphiCompile Include="LogosCnx.dpr">
				<MainSource>MainSource</MainSource>
			</DelphiCompile>
			<DCCReference Include="UFrmSerCon.pas">
				<Form>FrmSerCon</Form>
			</DCCReference>
			<DCCReference Include="UFrmAtuEnd.pas">
				<Form>FrmAtuEnd</Form>
			</DCCReference>
			<DCCReference Include="..\..\Client\Logos\UClaSrv.pas"/>
			<BuildConfiguration Include="Release">
				<Key>Cfg_2</Key>
				<CfgParent>Base</CfgParent>
			</BuildConfiguration>
			<BuildConfiguration Include="Base">
				<Key>Base</Key>
			</BuildConfiguration>
			<BuildConfiguration Include="Debug">
				<Key>Cfg_1</Key>
				<CfgParent>Base</CfgParent>
			</BuildConfiguration>
		</ItemGroup>
		<Import Condition="Exists('$(BDS)\Bin\CodeGear.Delphi.Targets')" Project="$(BDS)\Bin\CodeGear.Delphi.Targets"/>
		<Import Condition="Exists('$(APPDATA)\Embarcadero\$(BDSAPPDATABASEDIR)\8.0\UserTools.proj')" Project="$(APPDATA)\Embarcadero\$(BDSAPPDATABASEDIR)\8.0\UserTools.proj"/>
		<ProjectExtensions>
			<Borland.Personality>Delphi.Personality.12</Borland.Personality>
			<Borland.ProjectType/>
			<BorlandProject>
				<Delphi.Personality>
					<VersionInfo>
						<VersionInfo Name="IncludeVerInfo">False</VersionInfo>
						<VersionInfo Name="AutoIncBuild">False</VersionInfo>
						<VersionInfo Name="MajorVer">1</VersionInfo>
						<VersionInfo Name="MinorVer">0</VersionInfo>
						<VersionInfo Name="Release">0</VersionInfo>
						<VersionInfo Name="Build">0</VersionInfo>
						<VersionInfo Name="Debug">False</VersionInfo>
						<VersionInfo Name="PreRelease">False</VersionInfo>
						<VersionInfo Name="Special">False</VersionInfo>
						<VersionInfo Name="Private">False</VersionInfo>
						<VersionInfo Name="DLL">False</VersionInfo>
						<VersionInfo Name="Locale">1046</VersionInfo>
						<VersionInfo Name="CodePage">1252</VersionInfo>
					</VersionInfo>
					<VersionInfoKeys>
						<VersionInfoKeys Name="CompanyName"/>
						<VersionInfoKeys Name="FileDescription"/>
						<VersionInfoKeys Name="FileVersion">1.0.0.0</VersionInfoKeys>
						<VersionInfoKeys Name="InternalName"/>
						<VersionInfoKeys Name="LegalCopyright"/>
						<VersionInfoKeys Name="LegalTrademarks"/>
						<VersionInfoKeys Name="OriginalFilename"/>
						<VersionInfoKeys Name="ProductName"/>
						<VersionInfoKeys Name="ProductVersion">1.0.0.0</VersionInfoKeys>
						<VersionInfoKeys Name="Comments"/>
					</VersionInfoKeys>
					<Excluded_Packages>
						<Excluded_Packages Name="$(BDSBIN)\dcldb150.bpl">Embarcadero Database Components</Excluded_Packages>
						<Excluded_Packages Name="$(BDSBIN)\dclmid150.bpl">Embarcadero MyBase DataAccess Components</Excluded_Packages>
						<Excluded_Packages Name="$(BDSBIN)\dclwbm150.bpl">Embarcadero InternetExpress Components</Excluded_Packages>
						<Excluded_Packages Name="$(BDSBIN)\dcldbx150.bpl">Embarcadero dbExpress Components</Excluded_Packages>
						<Excluded_Packages Name="$(BDSBIN)\dclDataSnapClient150.bpl">Embarcadero DBExpress DataSnap Client Components</Excluded_Packages>
						<Excluded_Packages Name="$(BDSBIN)\dclmcn150.bpl">Embarcadero DataSnap Connection Components</Excluded_Packages>
						<Excluded_Packages Name="$(BDSBIN)\dclbde150.bpl">Embarcadero BDE DB Components</Excluded_Packages>
						<Excluded_Packages Name="$(BDSBIN)\dclado150.bpl">Embarcadero ADO DB Components</Excluded_Packages>
						<Excluded_Packages Name="$(BDSBIN)\dclib150.bpl">Embarcadero InterBase Express Components</Excluded_Packages>
						<Excluded_Packages Name="$(BDSBIN)\dclwebsnap150.bpl">Embarcadero WebSnap Components</Excluded_Packages>
						<Excluded_Packages Name="$(BDSBIN)\dcldbxcds150.bpl">Embarcadero SimpleDataset Component (DBX)</Excluded_Packages>
						<Excluded_Packages Name="$(BDSBIN)\dclofficexp150.bpl">Microsoft Office XP Sample Automation Server Wrapper Components</Excluded_Packages>
					</Excluded_Packages>
					<Source>
						<Source Name="MainSource">LogosCnx.dpr</Source>
					</Source>
				</Delphi.Personality>
				<Platforms>
					<Platform value="Win32">True</Platform>
				</Platforms>
			</BorlandProject>
			<ProjectFileVersion>12</ProjectFileVersion>
		</ProjectExtensions>
	</Project>
