	<Project xmlns="http://schemas.microsoft.com/developer/msbuild/2003">
		<PropertyGroup>
			<ProjectGuid>{56585C27-8B07-42AE-BAB7-5E499A413B74}</ProjectGuid>
			<MainSource>ACBr_Boleto.dpk</MainSource>
			<Base>True</Base>
			<Config Condition="'$(Config)'==''">Debug</Config>
			<Platform>Win32</Platform>
			<AppType>Package</AppType>
			<FrameworkType>VCL</FrameworkType>
			<DCC_DCCCompiler>DCC32</DCC_DCCCompiler>
			<ProjectVersion>12.2</ProjectVersion>
		</PropertyGroup>
		<PropertyGroup Condition="'$(Config)'=='Base' or '$(Base)'!=''">
			<Base>true</Base>
		</PropertyGroup>
		<PropertyGroup Condition="'$(Config)'=='Release' or '$(Cfg_1)'!=''">
			<Cfg_1>true</Cfg_1>
			<CfgParent>Base</CfgParent>
			<Base>true</Base>
		</PropertyGroup>
		<PropertyGroup Condition="'$(Config)'=='Debug' or '$(Cfg_2)'!=''">
			<Cfg_2>true</Cfg_2>
			<CfgParent>Base</CfgParent>
			<Base>true</Base>
		</PropertyGroup>
		<PropertyGroup Condition="'$(Base)'!=''">
			<DCC_UnitSearchPath>..\..\Fontes\ACBrBoleto;..\..\Fontes\ACBrComum;$(DCC_UnitSearchPath)</DCC_UnitSearchPath>
			<DCC_ImageBase>00400000</DCC_ImageBase>
			<DCC_GenerateStackFrames>true</DCC_GenerateStackFrames>
			<DCC_Description>ACBr Automação Comercial Brasil - ACBrBoleto - (http://acbr.sourceforge.net/)</DCC_Description>
			<DCC_UnitAlias>WinTypes=Windows;WinProcs=Windows;DbiTypes=BDE;DbiProcs=BDE;DbiErrs=BDE;WinTypes=Windows;WinProcs=Windows;$(DCC_UnitAlias)</DCC_UnitAlias>
			<DCC_Optimize>false</DCC_Optimize>
			<DCC_Define>DEBUG;DEBUG;$(DCC_Define)</DCC_Define>
			<DCC_N>true</DCC_N>
			<DCC_S>false</DCC_S>
			<GenDll>true</GenDll>
			<DCC_K>false</DCC_K>
			<GenPackage>true</GenPackage>
			<DCC_E>false</DCC_E>
			<DCC_F>false</DCC_F>
		</PropertyGroup>
		<PropertyGroup Condition="'$(Cfg_1)'!=''">
			<DCC_LocalDebugSymbols>false</DCC_LocalDebugSymbols>
			<DCC_Define>RELEASE;$(DCC_Define)</DCC_Define>
			<DCC_SymbolReferenceInfo>0</DCC_SymbolReferenceInfo>
			<DCC_DebugInformation>false</DCC_DebugInformation>
		</PropertyGroup>
		<ItemGroup>
			<DelphiCompile Include="ACBr_Boleto.dpk">
				<MainSource>MainSource</MainSource>
			</DelphiCompile>
			<DCCReference Include="rtl.dcp"/>
			<DCCReference Include="vcl.dcp"/>
			<DCCReference Include="designide.dcp"/>
			<DCCReference Include="synapse.dcp"/>
			<DCCReference Include="ACBrDiversos.dcp"/>
			<DCCReference Include="ACBrComum.dcp"/>
			<DCCReference Include="..\..\Fontes\ACBrBoleto\ACBrBancoBradesco.pas"/>
			<DCCReference Include="..\..\Fontes\ACBrBoleto\ACBrBancoBrasil.pas"/>
			<DCCReference Include="..\..\Fontes\ACBrBoleto\ACBrBoleto.pas"/>
			<DCCReference Include="..\..\Fontes\ACBrBoleto\ACBrBancoItau.pas"/>
			<DCCReference Include="..\..\Fontes\ACBrBoleto\ACBrBancoSicredi.pas"/>
			<DCCReference Include="..\..\Fontes\ACBrBoleto\ACBrCaixaEconomica.pas"/>
			<DCCReference Include="..\..\Fontes\ACBrBoleto\ACBrBancoBanrisul.pas"/>
			<DCCReference Include="..\..\Fontes\ACBrBoleto\ACBrBancoob.pas"/>
			<DCCReference Include="..\..\Fontes\ACBrBoleto\ACBrBancoMercantil.pas"/>
			<DCCReference Include="..\..\Fontes\ACBrBoleto\ACBrBancoSantander.pas"/>
			<DCCReference Include="..\..\Fontes\ACBrBoleto\ACBrCaixaEconomicaSICOB.pas"/>
			<DCCReference Include="..\..\Fontes\ACBrBoleto\ACBrBancoHSBC.pas"/>
			<DCCReference Include="..\..\Fontes\ACBrBoleto\ACBrBanestes.pas"/>
			<DCCReference Include="..\..\Fontes\ACBrBoleto\ACBrBancoNordeste.pas"/>
			<DCCReference Include="..\..\Fontes\ACBrBoleto\ACBrBancoBRB.pas"/>
			<BuildConfiguration Include="Debug">
				<Key>Cfg_2</Key>
				<CfgParent>Base</CfgParent>
			</BuildConfiguration>
			<BuildConfiguration Include="Base">
				<Key>Base</Key>
			</BuildConfiguration>
			<BuildConfiguration Include="Release">
				<Key>Cfg_1</Key>
				<CfgParent>Base</CfgParent>
			</BuildConfiguration>
		</ItemGroup>
		<Import Condition="Exists('$(BDS)\Bin\CodeGear.Delphi.Targets')" Project="$(BDS)\Bin\CodeGear.Delphi.Targets"/>
		<Import Condition="Exists('$(APPDATA)\Embarcadero\$(BDSAPPDATABASEDIR)\8.0\UserTools.proj')" Project="$(APPDATA)\Embarcadero\$(BDSAPPDATABASEDIR)\8.0\UserTools.proj"/>
		<ProjectExtensions>
			<Borland.Personality>Delphi.Personality.12</Borland.Personality>
			<Borland.ProjectType>Package</Borland.ProjectType>
			<BorlandProject>
				<Delphi.Personality>
					<Source>
						<Source Name="MainSource">ACBr_Boleto.dpk</Source>
					</Source>
					<Language>
						<Language Name="RootDir">..\..\..\..\BRAVO\fontes\ComponentesTerceiros\ACBr\Pacotes\Delphi\</Language>
					</Language>
					<VersionInfo>
						<VersionInfo Name="IncludeVerInfo">True</VersionInfo>
						<VersionInfo Name="AutoIncBuild">False</VersionInfo>
						<VersionInfo Name="MajorVer">1</VersionInfo>
						<VersionInfo Name="MinorVer">0</VersionInfo>
						<VersionInfo Name="Release">0</VersionInfo>
						<VersionInfo Name="Build">0</VersionInfo>
						<VersionInfo Name="Debug">False</VersionInfo>
						<VersionInfo Name="PreRelease">False</VersionInfo>
						<VersionInfo Name="Special">False</VersionInfo>
						<VersionInfo Name="Private">False</VersionInfo>
						<VersionInfo Name="DLL">False</VersionInfo>
						<VersionInfo Name="Locale">1046</VersionInfo>
						<VersionInfo Name="CodePage">1252</VersionInfo>
					</VersionInfo>
					<VersionInfoKeys>
						<VersionInfoKeys Name="CompanyName"/>
						<VersionInfoKeys Name="FileDescription"/>
						<VersionInfoKeys Name="FileVersion">1.0.0.0</VersionInfoKeys>
						<VersionInfoKeys Name="InternalName"/>
						<VersionInfoKeys Name="LegalCopyright"/>
						<VersionInfoKeys Name="LegalTrademarks"/>
						<VersionInfoKeys Name="OriginalFilename"/>
						<VersionInfoKeys Name="ProductName"/>
						<VersionInfoKeys Name="ProductVersion">1.0.0.0</VersionInfoKeys>
						<VersionInfoKeys Name="Comments"/>
					</VersionInfoKeys>
				</Delphi.Personality>
				<Platforms>
					<Platform value="Win32">True</Platform>
				</Platforms>
			</BorlandProject>
			<ProjectFileVersion>12</ProjectFileVersion>
		</ProjectExtensions>
	</Project>
